
Microsoft Visual Studio Solution File, Format Version 12.00
# Visual Studio 15
VisualStudioVersion = 15.0.26124.0
MinimumVisualStudioVersion = 15.0.26124.0
Project("{FAE04EC0-301F-11D3-BF4B-00C04F79EFBC}") = "currency-api", "CurrencyApi.Api\currency-api.csproj", "{22D3F1F4-9804-42DD-9BA5-1F4FC1BF25AF}"
EndProject
Project("{FAE04EC0-301F-11D3-BF4B-00C04F79EFBC}") = "CurrencyApi.Worker", "CurrencyApi.Worker\CurrencyApi.Worker.csproj", "{813B92A5-274B-41D0-9A79-6EABEF852093}"
EndProject
Project("{FAE04EC0-301F-11D3-BF4B-00C04F79EFBC}") = "CurrencyApi.Tests", "CurrencyApi.Tests\CurrencyApi.Tests.csproj", "{C7EF18B1-213B-4035-92E4-54DF2A88BB7C}"
EndProject
Global
	GlobalSection(SolutionConfigurationPlatforms) = preSolution
		Debug|Any CPU = Debug|Any CPU
		Debug|x64 = Debug|x64
		Debug|x86 = Debug|x86
		Release|Any CPU = Release|Any CPU
		Release|x64 = Release|x64
		Release|x86 = Release|x86
	EndGlobalSection
	GlobalSection(SolutionProperties) = preSolution
		HideSolutionNode = FALSE
	EndGlobalSection
	GlobalSection(ProjectConfigurationPlatforms) = postSolution
		{22D3F1F4-9804-42DD-9BA5-1F4FC1BF25AF}.Debug|Any CPU.ActiveCfg = Debug|Any CPU
		{22D3F1F4-9804-42DD-9BA5-1F4FC1BF25AF}.Debug|Any CPU.Build.0 = Debug|Any CPU
		{22D3F1F4-9804-42DD-9BA5-1F4FC1BF25AF}.Debug|x64.ActiveCfg = Debug|Any CPU
		{22D3F1F4-9804-42DD-9BA5-1F4FC1BF25AF}.Debug|x64.Build.0 = Debug|Any CPU
		{22D3F1F4-9804-42DD-9BA5-1F4FC1BF25AF}.Debug|x86.ActiveCfg = Debug|Any CPU
		{22D3F1F4-9804-42DD-9BA5-1F4FC1BF25AF}.Debug|x86.Build.0 = Debug|Any CPU
		{22D3F1F4-9804-42DD-9BA5-1F4FC1BF25AF}.Release|Any CPU.ActiveCfg = Release|Any CPU
		{22D3F1F4-9804-42DD-9BA5-1F4FC1BF25AF}.Release|Any CPU.Build.0 = Release|Any CPU
		{22D3F1F4-9804-42DD-9BA5-1F4FC1BF25AF}.Release|x64.ActiveCfg = Release|Any CPU
		{22D3F1F4-9804-42DD-9BA5-1F4FC1BF25AF}.Release|x64.Build.0 = Release|Any CPU
		{22D3F1F4-9804-42DD-9BA5-1F4FC1BF25AF}.Release|x86.ActiveCfg = Release|Any CPU
		{22D3F1F4-9804-42DD-9BA5-1F4FC1BF25AF}.Release|x86.Build.0 = Release|Any CPU
		{813B92A5-274B-41D0-9A79-6EABEF852093}.Debug|Any CPU.ActiveCfg = Debug|Any CPU
		{813B92A5-274B-41D0-9A79-6EABEF852093}.Debug|Any CPU.Build.0 = Debug|Any CPU
		{813B92A5-274B-41D0-9A79-6EABEF852093}.Debug|x64.ActiveCfg = Debug|Any CPU
		{813B92A5-274B-41D0-9A79-6EABEF852093}.Debug|x64.Build.0 = Debug|Any CPU
		{813B92A5-274B-41D0-9A79-6EABEF852093}.Debug|x86.ActiveCfg = Debug|Any CPU
		{813B92A5-274B-41D0-9A79-6EABEF852093}.Debug|x86.Build.0 = Debug|Any CPU
		{813B92A5-274B-41D0-9A79-6EABEF852093}.Release|Any CPU.ActiveCfg = Release|Any CPU
		{813B92A5-274B-41D0-9A79-6EABEF852093}.Release|Any CPU.Build.0 = Release|Any CPU
		{813B92A5-274B-41D0-9A79-6EABEF852093}.Release|x64.ActiveCfg = Release|Any CPU
		{813B92A5-274B-41D0-9A79-6EABEF852093}.Release|x64.Build.0 = Release|Any CPU
		{813B92A5-274B-41D0-9A79-6EABEF852093}.Release|x86.ActiveCfg = Release|Any CPU
		{813B92A5-274B-41D0-9A79-6EABEF852093}.Release|x86.Build.0 = Release|Any CPU
		{C7EF18B1-213B-4035-92E4-54DF2A88BB7C}.Debug|Any CPU.ActiveCfg = Debug|Any CPU
		{C7EF18B1-213B-4035-92E4-54DF2A88BB7C}.Debug|Any CPU.Build.0 = Debug|Any CPU
		{C7EF18B1-213B-4035-92E4-54DF2A88BB7C}.Debug|x64.ActiveCfg = Debug|Any CPU
		{C7EF18B1-213B-4035-92E4-54DF2A88BB7C}.Debug|x64.Build.0 = Debug|Any CPU
		{C7EF18B1-213B-4035-92E4-54DF2A88BB7C}.Debug|x86.ActiveCfg = Debug|Any CPU
		{C7EF18B1-213B-4035-92E4-54DF2A88BB7C}.Debug|x86.Build.0 = Debug|Any CPU
		{C7EF18B1-213B-4035-92E4-54DF2A88BB7C}.Release|Any CPU.ActiveCfg = Release|Any CPU
		{C7EF18B1-213B-4035-92E4-54DF2A88BB7C}.Release|Any CPU.Build.0 = Release|Any CPU
		{C7EF18B1-213B-4035-92E4-54DF2A88BB7C}.Release|x64.ActiveCfg = Release|Any CPU
		{C7EF18B1-213B-4035-92E4-54DF2A88BB7C}.Release|x64.Build.0 = Release|Any CPU
		{C7EF18B1-213B-4035-92E4-54DF2A88BB7C}.Release|x86.ActiveCfg = Release|Any CPU
		{C7EF18B1-213B-4035-92E4-54DF2A88BB7C}.Release|x86.Build.0 = Release|Any CPU
	EndGlobalSection
EndGlobal
